// !$*UTF8*$!
{
	archiveVersion = 1;
	classes = {
	};
	objectVersion = 56;
	objects = {

/* Begin PBXBuildFile section */
		0CD33C6D29DE6A8B00ADF95A /* submission_foundationApp.swift in Sources */ = {isa = PBXBuildFile; fileRef = 0CD33C6C29DE6A8B00ADF95A /* submission_foundationApp.swift */; };
		0CD33C6F29DE6A8B00ADF95A /* ContentView.swift in Sources */ = {isa = PBXBuildFile; fileRef = 0CD33C6E29DE6A8B00ADF95A /* ContentView.swift */; };
		0CD33C7129DE6A8C00ADF95A /* Assets.xcassets in Resources */ = {isa = PBXBuildFile; fileRef = 0CD33C7029DE6A8C00ADF95A /* Assets.xcassets */; };
		0CD33C7429DE6A8C00ADF95A /* Preview Assets.xcassets in Resources */ = {isa = PBXBuildFile; fileRef = 0CD33C7329DE6A8C00ADF95A /* Preview Assets.xcassets */; };
		FF258FFA29E39A72006B161D /* ExploreMenu.swift in Sources */ = {isa = PBXBuildFile; fileRef = FF258FF929E39A72006B161D /* ExploreMenu.swift */; };
		FF258FFE29E3AB53006B161D /* LocationStruct.swift in Sources */ = {isa = PBXBuildFile; fileRef = FF258FFD29E3AB53006B161D /* LocationStruct.swift */; };
		FF25900029E3ABB7006B161D /* CityStruct.swift in Sources */ = {isa = PBXBuildFile; fileRef = FF258FFF29E3ABB7006B161D /* CityStruct.swift */; };
/* End PBXBuildFile section */

/* Begin PBXFileReference section */
		0CD33C6929DE6A8B00ADF95A /* submission foundation.app */ = {isa = PBXFileReference; explicitFileType = wrapper.application; includeInIndex = 0; path = "submission foundation.app"; sourceTree = BUILT_PRODUCTS_DIR; };
		0CD33C6C29DE6A8B00ADF95A /* submission_foundationApp.swift */ = {isa = PBXFileReference; lastKnownFileType = sourcecode.swift; path = submission_foundationApp.swift; sourceTree = "<group>"; };
		0CD33C6E29DE6A8B00ADF95A /* ContentView.swift */ = {isa = PBXFileReference; lastKnownFileType = sourcecode.swift; path = ContentView.swift; sourceTree = "<group>"; };
		0CD33C7029DE6A8C00ADF95A /* Assets.xcassets */ = {isa = PBXFileReference; lastKnownFileType = folder.assetcatalog; path = Assets.xcassets; sourceTree = "<group>"; };
		0CD33C7329DE6A8C00ADF95A /* Preview Assets.xcassets */ = {isa = PBXFileReference; lastKnownFileType = folder.assetcatalog; path = "Preview Assets.xcassets"; sourceTree = "<group>"; };
		FF258FF929E39A72006B161D /* ExploreMenu.swift */ = {isa = PBXFileReference; lastKnownFileType = sourcecode.swift; path = ExploreMenu.swift; sourceTree = "<group>"; };
		FF258FFD29E3AB53006B161D /* LocationStruct.swift */ = {isa = PBXFileReference; lastKnownFileType = sourcecode.swift; path = LocationStruct.swift; sourceTree = "<group>"; };
		FF258FFF29E3ABB7006B161D /* CityStruct.swift */ = {isa = PBXFileReference; lastKnownFileType = sourcecode.swift; path = CityStruct.swift; sourceTree = "<group>"; };
/* End PBXFileReference section */

/* Begin PBXFrameworksBuildPhase section */
		0CD33C6629DE6A8B00ADF95A /* Frameworks */ = {
			isa = PBXFrameworksBuildPhase;
			buildActionMask = 2147483647;
			files = (
			);
			runOnlyForDeploymentPostprocessing = 0;
		};
/* End PBXFrameworksBuildPhase section */

/* Begin PBXGroup section */
		0CD33C6029DE6A8B00ADF95A = {
			isa = PBXGroup;
			children = (
				0CD33C6B29DE6A8B00ADF95A /* submission foundation */,
				0CD33C6A29DE6A8B00ADF95A /* Products */,
			);
			sourceTree = "<group>";
		};
		0CD33C6A29DE6A8B00ADF95A /* Products */ = {
			isa = PBXGroup;
			children = (
				0CD33C6929DE6A8B00ADF95A /* submission foundation.app */,
			);
			name = Products;
			sourceTree = "<group>";
		};
		0CD33C6B29DE6A8B00ADF95A /* submission foundation */ = {
			isa = PBXGroup;
			children = (
				0CD33C6C29DE6A8B00ADF95A /* submission_foundationApp.swift */,
				FF258FF929E39A72006B161D /* ExploreMenu.swift */,
				FF258FFD29E3AB53006B161D /* LocationStruct.swift */,
				FF258FFF29E3ABB7006B161D /* CityStruct.swift */,
				0CD33C6E29DE6A8B00ADF95A /* ContentView.swift */,
				0CD33C7029DE6A8C00ADF95A /* Assets.xcassets */,
				0CD33C7229DE6A8C00ADF95A /* Preview Content */,
			);
			path = "submission foundation";
			sourceTree = "<group>";
		};
		0CD33C7229DE6A8C00ADF95A /* Preview Content */ = {
			isa = PBXGroup;
			children = (
				0CD33C7329DE6A8C00ADF95A /* Preview Assets.xcassets */,
			);
			path = "Preview Content";
			sourceTree = "<group>";
		};
/* End PBXGroup section */

/* Begin PBXNativeTarget section */
		0CD33C6829DE6A8B00ADF95A /* submission foundation */ = {
			isa = PBXNativeTarget;
			buildConfigurationList = 0CD33C7729DE6A8C00ADF95A /* Build configuration list for PBXNativeTarget "submission foundation" */;
			buildPhases = (
				0CD33C6529DE6A8B00ADF95A /* Sources */,
				0CD33C6629DE6A8B00ADF95A /* Frameworks */,
				0CD33C6729DE6A8B00ADF95A /* Resources */,
			);
			buildRules = (
			);
			dependencies = (
			);
			name = "submission foundation";
			productName = "submission foundation";
			productReference = 0CD33C6929DE6A8B00ADF95A /* submission foundation.app */;
			productType = "com.apple.product-type.application";
		};
/* End PBXNativeTarget section */

/* Begin PBXProject section */
		0CD33C6129DE6A8B00ADF95A /* Project object */ = {
			isa = PBXProject;
			attributes = {
				BuildIndependentTargetsInParallel = 1;
				LastSwiftUpdateCheck = 1420;
				LastUpgradeCheck = 1420;
				TargetAttributes = {
					0CD33C6829DE6A8B00ADF95A = {
						CreatedOnToolsVersion = 14.2;
					};
				};
			};
			buildConfigurationList = 0CD33C6429DE6A8B00ADF95A /* Build configuration list for PBXProject "submission foundation" */;
			compatibilityVersion = "Xcode 14.0";
			developmentRegion = en;
			hasScannedForEncodings = 0;
			knownRegions = (
				en,
				Base,
			);
			mainGroup = 0CD33C6029DE6A8B00ADF95A;
			productRefGroup = 0CD33C6A29DE6A8B00ADF95A /* Products */;
			projectDirPath = "";
			projectRoot = "";
			targets = (
				0CD33C6829DE6A8B00ADF95A /* submission foundation */,
			);
		};
/* End PBXProject section */

/* Begin PBXResourcesBuildPhase section */
		0CD33C6729DE6A8B00ADF95A /* Resources */ = {
			isa = PBXResourcesBuildPhase;
			buildActionMask = 2147483647;
			files = (
				0CD33C7429DE6A8C00ADF95A /* Preview Assets.xcassets in Resources */,
				0CD33C7129DE6A8C00ADF95A /* Assets.xcassets in Resources */,
			);
			runOnlyForDeploymentPostprocessing = 0;
		};
/* End PBXResourcesBuildPhase section */

/* Begin PBXSourcesBuildPhase section */
		0CD33C6529DE6A8B00ADF95A /* Sources */ = {
			isa = PBXSourcesBuildPhase;
			buildActionMask = 2147483647;
			files = (
				FF258FFE29E3AB53006B161D /* LocationStruct.swift in Sources */,
				0CD33C6F29DE6A8B00ADF95A /* ContentView.swift in Sources */,
				0CD33C6D29DE6A8B00ADF95A /* submission_foundationApp.swift in Sources */,
				FF25900029E3ABB7006B161D /* CityStruct.swift in Sources */,
				FF258FFA29E39A72006B161D /* ExploreMenu.swift in Sources */,
			);
			runOnlyForDeploymentPostprocessing = 0;
		};
/* End PBXSourcesBuildPhase section */

/* Begin XCBuildConfiguration section */
		0CD33C7529DE6A8C00ADF95A /* Debug */ = {
			isa = XCBuildConfiguration;
			buildSettings = {
				ALWAYS_SEARCH_USER_PATHS = NO;
				CLANG_ANALYZER_NONNULL = YES;
				CLANG_ANALYZER_NUMBER_OBJECT_CONVERSION = YES_AGGRESSIVE;
				CLANG_CXX_LANGUAGE_STANDARD = "gnu++20";
				CLANG_ENABLE_MODULES = YES;
				CLANG_ENABLE_OBJC_ARC = YES;
				CLANG_ENABLE_OBJC_WEAK = YES;
				CLANG_WARN_BLOCK_CAPTURE_AUTORELEASING = YES;
				CLANG_WARN_BOOL_CONVERSION = YES;
				CLANG_WARN_COMMA = YES;
				CLANG_WARN_CONSTANT_CONVERSION = YES;
				CLANG_WARN_DEPRECATED_OBJC_IMPLEMENTATIONS = YES;
				CLANG_WARN_DIRECT_OBJC_ISA_USAGE = YES_ERROR;
				CLANG_WARN_DOCUMENTATION_COMMENTS = YES;
				CLANG_WARN_EMPTY_BODY = YES;
				CLANG_WARN_ENUM_CONVERSION = YES;
				CLANG_WARN_INFINITE_RECURSION = YES;
				CLANG_WARN_INT_CONVERSION = YES;
				CLANG_WARN_NON_LITERAL_NULL_CONVERSION = YES;
				CLANG_WARN_OBJC_IMPLICIT_RETAIN_SELF = YES;
				CLANG_WARN_OBJC_LITERAL_CONVERSION = YES;
				CLANG_WARN_OBJC_ROOT_CLASS = YES_ERROR;
				CLANG_WARN_QUOTED_INCLUDE_IN_FRAMEWORK_HEADER = YES;
				CLANG_WARN_RANGE_LOOP_ANALYSIS = YES;
				CLANG_WARN_STRICT_PROTOTYPES = YES;
				CLANG_WARN_SUSPICIOUS_MOVE = YES;
				CLANG_WARN_UNGUARDED_AVAILABILITY = YES_AGGRESSIVE;
				CLANG_WARN_UNREACHABLE_CODE = YES;
				CLANG_WARN__DUPLICATE_METHOD_MATCH = YES;
				COPY_PHASE_STRIP = NO;
				DEBUG_INFORMATION_FORMAT = dwarf;
				ENABLE_STRICT_OBJC_MSGSEND = YES;
				ENABLE_TESTABILITY = YES;
				GCC_C_LANGUAGE_STANDARD = gnu11;
				GCC_DYNAMIC_NO_PIC = NO;
				GCC_NO_COMMON_BLOCKS = YES;
				GCC_OPTIMIZATION_LEVEL = 0;
				GCC_PREPROCESSOR_DEFINITIONS = (
					"DEBUG=1",
					"$(inherited)",
				);
				GCC_WARN_64_TO_32_BIT_CONVERSION = YES;
				GCC_WARN_ABOUT_RETURN_TYPE = YES_ERROR;
				GCC_WARN_UNDECLARED_SELECTOR = YES;
				GCC_WARN_UNINITIALIZED_AUTOS = YES_AGGRESSIVE;
				GCC_WARN_UNUSED_FUNCTION = YES;
				GCC_WARN_UNUSED_VARIABLE = YES;
				IPHONEOS_DEPLOYMENT_TARGET = 16.2;
				MTL_ENABLE_DEBUG_INFO = INCLUDE_SOURCE;
				MTL_FAST_MATH = YES;
				ONLY_ACTIVE_ARCH = YES;
				SDKROOT = iphoneos;
				SWIFT_ACTIVE_COMPILATION_CONDITIONS = DEBUG;
				SWIFT_OPTIMIZATION_LEVEL = "-Onone";
			};
			name = Debug;
		};
		0CD33C7629DE6A8C00ADF95A /* Release */ = {
			isa = XCBuildConfiguration;
			buildSettings = {
				ALWAYS_SEARCH_USER_PATHS = NO;
				CLANG_ANALYZER_NONNULL = YES;
				CLANG_ANALYZER_NUMBER_OBJECT_CONVERSION = YES_AGGRESSIVE;
				CLANG_CXX_LANGUAGE_STANDARD = "gnu++20";
				CLANG_ENABLE_MODULES = YES;
				CLANG_ENABLE_OBJC_ARC = YES;
				CLANG_ENABLE_OBJC_WEAK = YES;
				CLANG_WARN_BLOCK_CAPTURE_AUTORELEASING = YES;
				CLANG_WARN_BOOL_CONVERSION = YES;
				CLANG_WARN_COMMA = YES;
				CLANG_WARN_CONSTANT_CONVERSION = YES;
				CLANG_WARN_DEPRECATED_OBJC_IMPLEMENTATIONS = YES;
				CLANG_WARN_DIRECT_OBJC_ISA_USAGE = YES_ERROR;
				CLANG_WARN_DOCUMENTATION_COMMENTS = YES;
				CLANG_WARN_EMPTY_BODY = YES;
				CLANG_WARN_ENUM_CONVERSION = YES;
				CLANG_WARN_INFINITE_RECURSION = YES;
				CLANG_WARN_INT_CONVERSION = YES;
				CLANG_WARN_NON_LITERAL_NULL_CONVERSION = YES;
				CLANG_WARN_OBJC_IMPLICIT_RETAIN_SELF = YES;
				CLANG_WARN_OBJC_LITERAL_CONVERSION = YES;
				CLANG_WARN_OBJC_ROOT_CLASS = YES_ERROR;
				CLANG_WARN_QUOTED_INCLUDE_IN_FRAMEWORK_HEADER = YES;
				CLANG_WARN_RANGE_LOOP_ANALYSIS = YES;
				CLANG_WARN_STRICT_PROTOTYPES = YES;
				CLANG_WARN_SUSPICIOUS_MOVE = YES;
				CLANG_WARN_UNGUARDED_AVAILABILITY = YES_AGGRESSIVE;
				CLANG_WARN_UNREACHABLE_CODE = YES;
				CLANG_WARN__DUPLICATE_METHOD_MATCH = YES;
				COPY_PHASE_STRIP = NO;
				DEBUG_INFORMATION_FORMAT = "dwarf-with-dsym";
				ENABLE_NS_ASSERTIONS = NO;
				ENABLE_STRICT_OBJC_MSGSEND = YES;
				GCC_C_LANGUAGE_STANDARD = gnu11;
				GCC_NO_COMMON_BLOCKS = YES;
				GCC_WARN_64_TO_32_BIT_CONVERSION = YES;
				GCC_WARN_ABOUT_RETURN_TYPE = YES_ERROR;
				GCC_WARN_UNDECLARED_SELECTOR = YES;
				GCC_WARN_UNINITIALIZED_AUTOS = YES_AGGRESSIVE;
				GCC_WARN_UNUSED_FUNCTION = YES;
				GCC_WARN_UNUSED_VARIABLE = YES;
				IPHONEOS_DEPLOYMENT_TARGET = 16.2;
				MTL_ENABLE_DEBUG_INFO = NO;
				MTL_FAST_MATH = YES;
				SDKROOT = iphoneos;
				SWIFT_COMPILATION_MODE = wholemodule;
				SWIFT_OPTIMIZATION_LEVEL = "-O";
				VALIDATE_PRODUCT = YES;
			};
			name = Release;
		};
		0CD33C7829DE6A8C00ADF95A /* Debug */ = {
			isa = XCBuildConfiguration;
			buildSettings = {
				ASSETCATALOG_COMPILER_APPICON_NAME = AppIcon;
				ASSETCATALOG_COMPILER_GLOBAL_ACCENT_COLOR_NAME = AccentColor;
				CODE_SIGN_STYLE = Automatic;
				CURRENT_PROJECT_VERSION = 1;
				DEVELOPMENT_ASSET_PATHS = "\"submission foundation/Preview Content\"";
				ENABLE_PREVIEWS = YES;
				GENERATE_INFOPLIST_FILE = YES;
				INFOPLIST_KEY_UIApplicationSceneManifest_Generation = YES;
				INFOPLIST_KEY_UIApplicationSupportsIndirectInputEvents = YES;
				INFOPLIST_KEY_UILaunchScreen_Generation = YES;
				INFOPLIST_KEY_UISupportedInterfaceOrientations_iPad = "UIInterfaceOrientationPortrait UIInterfaceOrientationPortraitUpsideDown UIInterfaceOrientationLandscapeLeft UIInterfaceOrientationLandscapeRight";
				INFOPLIST_KEY_UISupportedInterfaceOrientations_iPhone = "UIInterfaceOrientationPortrait UIInterfaceOrientationLandscapeLeft UIInterfaceOrientationLandscapeRight";
				LD_RUNPATH_SEARCH_PATHS = (
					"$(inherited)",
					"@executable_path/Frameworks",
				);
				MARKETING_VERSION = 1.0;
				PRODUCT_BUNDLE_IDENTIFIER = "com.apple.foundation.submission-foundation";
				PRODUCT_NAME = "$(TARGET_NAME)";
				SWIFT_EMIT_LOC_STRINGS = YES;
				SWIFT_VERSION = 5.0;
				TARGETED_DEVICE_FAMILY = "1,2";
			};
			name = Debug;
		};
		0CD33C7929DE6A8C00ADF95A /* Release */ = {
			isa = XCBuildConfiguration;
			buildSettings = {
				ASSETCATALOG_COMPILER_APPICON_NAME = AppIcon;
				ASSETCATALOG_COMPILER_GLOBAL_ACCENT_COLOR_NAME = AccentColor;
				CODE_SIGN_STYLE = Automatic;
				CURRENT_PROJECT_VERSION = 1;
				DEVELOPMENT_ASSET_PATHS = "\"submission foundation/Preview Content\"";
				ENABLE_PREVIEWS = YES;
				GENERATE_INFOPLIST_FILE = YES;
				INFOPLIST_KEY_UIApplicationSceneManifest_Generation = YES;
				INFOPLIST_KEY_UIApplicationSupportsIndirectInputEvents = YES;
				INFOPLIST_KEY_UILaunchScreen_Generation = YES;
				INFOPLIST_KEY_UISupportedInterfaceOrientations_iPad = "UIInterfaceOrientationPortrait UIInterfaceOrientationPortraitUpsideDown UIInterfaceOrientationLandscapeLeft UIInterfaceOrientationLandscapeRight";
				INFOPLIST_KEY_UISupportedInterfaceOrientations_iPhone = "UIInterfaceOrientationPortrait UIInterfaceOrientationLandscapeLeft UIInterfaceOrientationLandscapeRight";
				LD_RUNPATH_SEARCH_PATHS = (
					"$(inherited)",
					"@executable_path/Frameworks",
				);
				MARKETING_VERSION = 1.0;
				PRODUCT_BUNDLE_IDENTIFIER = "com.apple.foundation.submission-foundation";
				PRODUCT_NAME = "$(TARGET_NAME)";
				SWIFT_EMIT_LOC_STRINGS = YES;
				SWIFT_VERSION = 5.0;
				TARGETED_DEVICE_FAMILY = "1,2";
			};
			name = Release;
		};
/* End XCBuildConfiguration section */

/* Begin XCConfigurationList section */
		0CD33C6429DE6A8B00ADF95A /* Build configuration list for PBXProject "submission foundation" */ = {
			isa = XCConfigurationList;
			buildConfigurations = (
				0CD33C7529DE6A8C00ADF95A /* Debug */,
				0CD33C7629DE6A8C00ADF95A /* Release */,
			);
			defaultConfigurationIsVisible = 0;
			defaultConfigurationName = Release;
		};
		0CD33C7729DE6A8C00ADF95A /* Build configuration list for PBXNativeTarget "submission foundation" */ = {
			isa = XCConfigurationList;
			buildConfigurations = (
				0CD33C7829DE6A8C00ADF95A /* Debug */,
				0CD33C7929DE6A8C00ADF95A /* Release */,
			);
			defaultConfigurationIsVisible = 0;
			defaultConfigurationName = Release;
		};
/* End XCConfigurationList section */
	};
	rootObject = 0CD33C6129DE6A8B00ADF95A /* Project object */;
}
